
Microsoft Visual Studio Solution File, Format Version 12.00
# Visual Studio Version 16
VisualStudioVersion = 16.0.29509.3
MinimumVisualStudioVersion = 10.0.40219.1
Project("{2150E333-8FDC-42A3-9474-1A3956D46DE8}") = "0-Presentation", "0-Presentation", "{8A2C23DB-F616-4C6C-9738-DB3C2FA31B54}"
EndProject
Project("{FAE04EC0-301F-11D3-BF4B-00C04F79EFBC}") = "Forms", "Presentation\Forms\Forms.csproj", "{332715EC-4479-4B2D-BEC8-571EC6A29F0E}"
EndProject
Project("{2150E333-8FDC-42A3-9474-1A3956D46DE8}") = "Domain", "Domain", "{653A00CE-C766-434D-B2A4-8A66F3B3161C}"
EndProject
Global
	GlobalSection(SolutionConfigurationPlatforms) = preSolution
		Debug|Any CPU = Debug|Any CPU
		Release|Any CPU = Release|Any CPU
	EndGlobalSection
	GlobalSection(ProjectConfigurationPlatforms) = postSolution
		{332715EC-4479-4B2D-BEC8-571EC6A29F0E}.Debug|Any CPU.ActiveCfg = Debug|Any CPU
		{332715EC-4479-4B2D-BEC8-571EC6A29F0E}.Debug|Any CPU.Build.0 = Debug|Any CPU
		{332715EC-4479-4B2D-BEC8-571EC6A29F0E}.Release|Any CPU.ActiveCfg = Release|Any CPU
		{332715EC-4479-4B2D-BEC8-571EC6A29F0E}.Release|Any CPU.Build.0 = Release|Any CPU
	EndGlobalSection
	GlobalSection(SolutionProperties) = preSolution
		HideSolutionNode = FALSE
	EndGlobalSection
	GlobalSection(NestedProjects) = preSolution
		{332715EC-4479-4B2D-BEC8-571EC6A29F0E} = {8A2C23DB-F616-4C6C-9738-DB3C2FA31B54}
	EndGlobalSection
	GlobalSection(ExtensibilityGlobals) = postSolution
		SolutionGuid = {8533FD03-F599-40B8-85E5-C89BC3CCF474}
	EndGlobalSection
EndGlobal
