
Microsoft Visual Studio Solution File, Format Version 12.00
# Visual Studio Version 16
VisualStudioVersion = 16.0.29509.3
MinimumVisualStudioVersion = 10.0.40219.1
Project("{2150E333-8FDC-42A3-9474-1A3956D46DE8}") = "0-Presentations", "0-Presentations", "{8A2C23DB-F616-4C6C-9738-DB3C2FA31B54}"
EndProject
Project("{9A19103F-16F7-4668-BE54-9A1E7A4F7556}") = "Forms", "src\Presentation\Forms\Forms.csproj", "{332715EC-4479-4B2D-BEC8-571EC6A29F0E}"
EndProject
Project("{2150E333-8FDC-42A3-9474-1A3956D46DE8}") = "2-Domain", "2-Domain", "{653A00CE-C766-434D-B2A4-8A66F3B3161C}"
EndProject
Project("{9A19103F-16F7-4668-BE54-9A1E7A4F7556}") = "Domain", "src\Domain\Domain.csproj", "{0060CD26-7F32-41B3-9452-59B773506C41}"
EndProject
Project("{2150E333-8FDC-42A3-9474-1A3956D46DE8}") = "3-Infrastructure", "3-Infrastructure", "{C8135786-5618-495B-B0E0-8D7308E54BCC}"
EndProject
Project("{2150E333-8FDC-42A3-9474-1A3956D46DE8}") = "4-Test", "4-Test", "{798654AA-55A8-4CEC-A119-963108417D69}"
EndProject
Project("{2150E333-8FDC-42A3-9474-1A3956D46DE8}") = "CrossCutting", "CrossCutting", "{60F63551-2F98-45FF-93FE-98628816B490}"
EndProject
Project("{2150E333-8FDC-42A3-9474-1A3956D46DE8}") = "Data", "Data", "{8B3288C4-71E2-411F-8BDB-96EDBE7BCA53}"
EndProject
Project("{FAE04EC0-301F-11D3-BF4B-00C04F79EFBC}") = "Test.Unit", "src\Test\UnitTest\Test.Unit.csproj", "{0A5E7530-20FF-49F2-B4AB-F8635729E861}"
EndProject
Project("{FAE04EC0-301F-11D3-BF4B-00C04F79EFBC}") = "Test.Functional", "src\Test\FunctionalTest\Test.Functional.csproj", "{5F064AB0-573F-446F-B376-07F8C5CB04A4}"
EndProject
Project("{FAE04EC0-301F-11D3-BF4B-00C04F79EFBC}") = "Test.IoC", "src\Test\IocTest\Test.IoC.csproj", "{3C5CD3C4-55F1-4E8B-8E3F-B0DC2B103183}"
EndProject
Project("{FAE04EC0-301F-11D3-BF4B-00C04F79EFBC}") = "Infrastructure.Data.Context", "src\Infrastructure\Data\Infrastructure.Data.Context\Infrastructure.Data.Context.csproj", "{ACDCF971-0A88-4D47-838A-57EFD5FC6B29}"
EndProject
Project("{FAE04EC0-301F-11D3-BF4B-00C04F79EFBC}") = "Infrastructure.Data.Repository", "src\Infrastructure\Data\Infrastructure.Data.Repository\Infrastructure.Data.Repository.csproj", "{4F91955B-D9C8-45EB-A018-C2010E264035}"
EndProject
Project("{FAE04EC0-301F-11D3-BF4B-00C04F79EFBC}") = "Infrastructure.CrossCutting.IoC", "src\Infrastructure\CrossCutting\Infrastructure.CrossCutting.IoC\Infrastructure.CrossCutting.IoC.csproj", "{6FC41825-F30F-4BF0-B244-2D358D09A070}"
EndProject
Project("{2150E333-8FDC-42A3-9474-1A3956D46DE8}") = "1-Application", "1-Application", "{FB35EEB6-6898-424E-B6DA-900592BB7456}"
EndProject
Project("{FAE04EC0-301F-11D3-BF4B-00C04F79EFBC}") = "Application", "src\Application\Application.csproj", "{66D2E1BC-045A-4600-B231-410403A8322A}"
EndProject
Project("{FAE04EC0-301F-11D3-BF4B-00C04F79EFBC}") = "Infrastructure.Data.Migrations", "src\Infrastructure\Data\Infrastructure.Data.Migrations\Infrastructure.Data.Migrations.csproj", "{6015F966-AED2-4FD7-9F00-F149B2D9A4A7}"
EndProject
Project("{FAE04EC0-301F-11D3-BF4B-00C04F79EFBC}") = "Infrastructure.CrossCutting.Transaction", "src\Infrastructure\CrossCutting\Infrastructure.CrossCutting.Transaction\Infrastructure.CrossCutting.Transaction.csproj", "{E55C1DED-64B1-4961-9A2B-29E798E1B845}"
EndProject
Global
	GlobalSection(SolutionConfigurationPlatforms) = preSolution
		Debug|Any CPU = Debug|Any CPU
		Release|Any CPU = Release|Any CPU
	EndGlobalSection
	GlobalSection(ProjectConfigurationPlatforms) = postSolution
		{332715EC-4479-4B2D-BEC8-571EC6A29F0E}.Debug|Any CPU.ActiveCfg = Debug|Any CPU
		{332715EC-4479-4B2D-BEC8-571EC6A29F0E}.Debug|Any CPU.Build.0 = Debug|Any CPU
		{332715EC-4479-4B2D-BEC8-571EC6A29F0E}.Release|Any CPU.ActiveCfg = Release|Any CPU
		{332715EC-4479-4B2D-BEC8-571EC6A29F0E}.Release|Any CPU.Build.0 = Release|Any CPU
		{0060CD26-7F32-41B3-9452-59B773506C41}.Debug|Any CPU.ActiveCfg = Debug|Any CPU
		{0060CD26-7F32-41B3-9452-59B773506C41}.Debug|Any CPU.Build.0 = Debug|Any CPU
		{0060CD26-7F32-41B3-9452-59B773506C41}.Release|Any CPU.ActiveCfg = Release|Any CPU
		{0060CD26-7F32-41B3-9452-59B773506C41}.Release|Any CPU.Build.0 = Release|Any CPU
		{0A5E7530-20FF-49F2-B4AB-F8635729E861}.Debug|Any CPU.ActiveCfg = Debug|Any CPU
		{0A5E7530-20FF-49F2-B4AB-F8635729E861}.Debug|Any CPU.Build.0 = Debug|Any CPU
		{0A5E7530-20FF-49F2-B4AB-F8635729E861}.Release|Any CPU.ActiveCfg = Release|Any CPU
		{0A5E7530-20FF-49F2-B4AB-F8635729E861}.Release|Any CPU.Build.0 = Release|Any CPU
		{5F064AB0-573F-446F-B376-07F8C5CB04A4}.Debug|Any CPU.ActiveCfg = Debug|Any CPU
		{5F064AB0-573F-446F-B376-07F8C5CB04A4}.Debug|Any CPU.Build.0 = Debug|Any CPU
		{5F064AB0-573F-446F-B376-07F8C5CB04A4}.Release|Any CPU.ActiveCfg = Release|Any CPU
		{5F064AB0-573F-446F-B376-07F8C5CB04A4}.Release|Any CPU.Build.0 = Release|Any CPU
		{3C5CD3C4-55F1-4E8B-8E3F-B0DC2B103183}.Debug|Any CPU.ActiveCfg = Debug|Any CPU
		{3C5CD3C4-55F1-4E8B-8E3F-B0DC2B103183}.Debug|Any CPU.Build.0 = Debug|Any CPU
		{3C5CD3C4-55F1-4E8B-8E3F-B0DC2B103183}.Release|Any CPU.ActiveCfg = Release|Any CPU
		{3C5CD3C4-55F1-4E8B-8E3F-B0DC2B103183}.Release|Any CPU.Build.0 = Release|Any CPU
		{ACDCF971-0A88-4D47-838A-57EFD5FC6B29}.Debug|Any CPU.ActiveCfg = Debug|Any CPU
		{ACDCF971-0A88-4D47-838A-57EFD5FC6B29}.Debug|Any CPU.Build.0 = Debug|Any CPU
		{ACDCF971-0A88-4D47-838A-57EFD5FC6B29}.Release|Any CPU.ActiveCfg = Release|Any CPU
		{ACDCF971-0A88-4D47-838A-57EFD5FC6B29}.Release|Any CPU.Build.0 = Release|Any CPU
		{4F91955B-D9C8-45EB-A018-C2010E264035}.Debug|Any CPU.ActiveCfg = Debug|Any CPU
		{4F91955B-D9C8-45EB-A018-C2010E264035}.Debug|Any CPU.Build.0 = Debug|Any CPU
		{4F91955B-D9C8-45EB-A018-C2010E264035}.Release|Any CPU.ActiveCfg = Release|Any CPU
		{4F91955B-D9C8-45EB-A018-C2010E264035}.Release|Any CPU.Build.0 = Release|Any CPU
		{6FC41825-F30F-4BF0-B244-2D358D09A070}.Debug|Any CPU.ActiveCfg = Debug|Any CPU
		{6FC41825-F30F-4BF0-B244-2D358D09A070}.Debug|Any CPU.Build.0 = Debug|Any CPU
		{6FC41825-F30F-4BF0-B244-2D358D09A070}.Release|Any CPU.ActiveCfg = Release|Any CPU
		{6FC41825-F30F-4BF0-B244-2D358D09A070}.Release|Any CPU.Build.0 = Release|Any CPU
		{66D2E1BC-045A-4600-B231-410403A8322A}.Debug|Any CPU.ActiveCfg = Debug|Any CPU
		{66D2E1BC-045A-4600-B231-410403A8322A}.Debug|Any CPU.Build.0 = Debug|Any CPU
		{66D2E1BC-045A-4600-B231-410403A8322A}.Release|Any CPU.ActiveCfg = Release|Any CPU
		{66D2E1BC-045A-4600-B231-410403A8322A}.Release|Any CPU.Build.0 = Release|Any CPU
		{6015F966-AED2-4FD7-9F00-F149B2D9A4A7}.Debug|Any CPU.ActiveCfg = Debug|Any CPU
		{6015F966-AED2-4FD7-9F00-F149B2D9A4A7}.Debug|Any CPU.Build.0 = Debug|Any CPU
		{6015F966-AED2-4FD7-9F00-F149B2D9A4A7}.Release|Any CPU.ActiveCfg = Release|Any CPU
		{6015F966-AED2-4FD7-9F00-F149B2D9A4A7}.Release|Any CPU.Build.0 = Release|Any CPU
		{E55C1DED-64B1-4961-9A2B-29E798E1B845}.Debug|Any CPU.ActiveCfg = Debug|Any CPU
		{E55C1DED-64B1-4961-9A2B-29E798E1B845}.Debug|Any CPU.Build.0 = Debug|Any CPU
		{E55C1DED-64B1-4961-9A2B-29E798E1B845}.Release|Any CPU.ActiveCfg = Release|Any CPU
		{E55C1DED-64B1-4961-9A2B-29E798E1B845}.Release|Any CPU.Build.0 = Release|Any CPU
	EndGlobalSection
	GlobalSection(SolutionProperties) = preSolution
		HideSolutionNode = FALSE
	EndGlobalSection
	GlobalSection(NestedProjects) = preSolution
		{332715EC-4479-4B2D-BEC8-571EC6A29F0E} = {8A2C23DB-F616-4C6C-9738-DB3C2FA31B54}
		{0060CD26-7F32-41B3-9452-59B773506C41} = {653A00CE-C766-434D-B2A4-8A66F3B3161C}
		{60F63551-2F98-45FF-93FE-98628816B490} = {C8135786-5618-495B-B0E0-8D7308E54BCC}
		{8B3288C4-71E2-411F-8BDB-96EDBE7BCA53} = {C8135786-5618-495B-B0E0-8D7308E54BCC}
		{0A5E7530-20FF-49F2-B4AB-F8635729E861} = {798654AA-55A8-4CEC-A119-963108417D69}
		{5F064AB0-573F-446F-B376-07F8C5CB04A4} = {798654AA-55A8-4CEC-A119-963108417D69}
		{3C5CD3C4-55F1-4E8B-8E3F-B0DC2B103183} = {798654AA-55A8-4CEC-A119-963108417D69}
		{ACDCF971-0A88-4D47-838A-57EFD5FC6B29} = {8B3288C4-71E2-411F-8BDB-96EDBE7BCA53}
		{4F91955B-D9C8-45EB-A018-C2010E264035} = {8B3288C4-71E2-411F-8BDB-96EDBE7BCA53}
		{6FC41825-F30F-4BF0-B244-2D358D09A070} = {60F63551-2F98-45FF-93FE-98628816B490}
		{66D2E1BC-045A-4600-B231-410403A8322A} = {FB35EEB6-6898-424E-B6DA-900592BB7456}
		{6015F966-AED2-4FD7-9F00-F149B2D9A4A7} = {8B3288C4-71E2-411F-8BDB-96EDBE7BCA53}
		{E55C1DED-64B1-4961-9A2B-29E798E1B845} = {60F63551-2F98-45FF-93FE-98628816B490}
	EndGlobalSection
	GlobalSection(ExtensibilityGlobals) = postSolution
		SolutionGuid = {8533FD03-F599-40B8-85E5-C89BC3CCF474}
	EndGlobalSection
EndGlobal
